
Microsoft Visual Studio Solution File, Format Version 12.00
# Visual Studio Version 16
VisualStudioVersion = 16.0.29613.14
MinimumVisualStudioVersion = 10.0.40219.1
Project("{FAE04EC0-301F-11D3-BF4B-00C04F79EFBC}") = "IntrovertedBugsConsoleApp", "IntrovertedBugsConsoleApp.csproj", "{BB22603A-DE27-4172-B65D-BA14C664A794}"
EndProject
Global
	GlobalSection(SolutionConfigurationPlatforms) = preSolution
		Debug|Any CPU = Debug|Any CPU
		Release|Any CPU = Release|Any CPU
	EndGlobalSection
	GlobalSection(ProjectConfigurationPlatforms) = postSolution
		{BB22603A-DE27-4172-B65D-BA14C664A794}.Debug|Any CPU.ActiveCfg = Debug|Any CPU
		{BB22603A-DE27-4172-B65D-BA14C664A794}.Debug|Any CPU.Build.0 = Debug|Any CPU
		{BB22603A-DE27-4172-B65D-BA14C664A794}.Release|Any CPU.ActiveCfg = Release|Any CPU
		{BB22603A-DE27-4172-B65D-BA14C664A794}.Release|Any CPU.Build.0 = Release|Any CPU
	EndGlobalSection
	GlobalSection(SolutionProperties) = preSolution
		HideSolutionNode = FALSE
	EndGlobalSection
	GlobalSection(ExtensibilityGlobals) = postSolution
		SolutionGuid = {52BAA62A-67AB-4EC6-BC14-8454F175B988}
	EndGlobalSection
EndGlobal
